
Microsoft Visual Studio Solution File, Format Version 12.00
# Visual Studio Version 17
VisualStudioVersion = 17.0.32002.185
MinimumVisualStudioVersion = 10.0.40219.1
Project("{FAE04EC0-301F-11D3-BF4B-00C04F79EFBC}") = "Razor.Templates", "Razor.Templates\Razor.Templates.csproj", "{666941FF-CCEA-4430-BC9F-CDC6BC38935B}"
EndProject
Project("{FAE04EC0-301F-11D3-BF4B-00C04F79EFBC}") = "ConsoleService", "ConsoleService\ConsoleService.csproj", "{05A77946-221A-4CFE-A9A4-CB29C6247691}"
EndProject
Global
	GlobalSection(SolutionConfigurationPlatforms) = preSolution
		Debug|Any CPU = Debug|Any CPU
		Release|Any CPU = Release|Any CPU
	EndGlobalSection
	GlobalSection(ProjectConfigurationPlatforms) = postSolution
		{666941FF-CCEA-4430-BC9F-CDC6BC38935B}.Debug|Any CPU.ActiveCfg = Debug|Any CPU
		{666941FF-CCEA-4430-BC9F-CDC6BC38935B}.Debug|Any CPU.Build.0 = Debug|Any CPU
		{666941FF-CCEA-4430-BC9F-CDC6BC38935B}.Release|Any CPU.ActiveCfg = Release|Any CPU
		{666941FF-CCEA-4430-BC9F-CDC6BC38935B}.Release|Any CPU.Build.0 = Release|Any CPU
		{05A77946-221A-4CFE-A9A4-CB29C6247691}.Debug|Any CPU.ActiveCfg = Debug|Any CPU
		{05A77946-221A-4CFE-A9A4-CB29C6247691}.Debug|Any CPU.Build.0 = Debug|Any CPU
		{05A77946-221A-4CFE-A9A4-CB29C6247691}.Release|Any CPU.ActiveCfg = Release|Any CPU
		{05A77946-221A-4CFE-A9A4-CB29C6247691}.Release|Any CPU.Build.0 = Release|Any CPU
	EndGlobalSection
	GlobalSection(SolutionProperties) = preSolution
		HideSolutionNode = FALSE
	EndGlobalSection
	GlobalSection(ExtensibilityGlobals) = postSolution
		SolutionGuid = {DE64FEF8-DA4A-42A2-825B-C58D21C2A93E}
	EndGlobalSection
EndGlobal
